
Microsoft Visual Studio Solution File, Format Version 12.00
# Visual Studio 15
VisualStudioVersion = 15.0.28307.757
MinimumVisualStudioVersion = 10.0.40219.1
Project("{FAE04EC0-301F-11D3-BF4B-00C04F79EFBC}") = "TransactionScopeEx0", "TransactionScopeEx0\TransactionScopeEx0.csproj", "{9F7D1707-BDE4-4DCB-8471-4137E58753EE}"
EndProject
Project("{FAE04EC0-301F-11D3-BF4B-00C04F79EFBC}") = "BeginTransaction", "BeginTransaction\BeginTransaction.csproj", "{9411109B-FD1A-47FE-BE37-7FE050F605BD}"
EndProject
Global
	GlobalSection(SolutionConfigurationPlatforms) = preSolution
		Debug|Any CPU = Debug|Any CPU
		Release|Any CPU = Release|Any CPU
	EndGlobalSection
	GlobalSection(ProjectConfigurationPlatforms) = postSolution
		{9F7D1707-BDE4-4DCB-8471-4137E58753EE}.Debug|Any CPU.ActiveCfg = Debug|Any CPU
		{9F7D1707-BDE4-4DCB-8471-4137E58753EE}.Debug|Any CPU.Build.0 = Debug|Any CPU
		{9F7D1707-BDE4-4DCB-8471-4137E58753EE}.Release|Any CPU.ActiveCfg = Release|Any CPU
		{9F7D1707-BDE4-4DCB-8471-4137E58753EE}.Release|Any CPU.Build.0 = Release|Any CPU
		{9411109B-FD1A-47FE-BE37-7FE050F605BD}.Debug|Any CPU.ActiveCfg = Debug|Any CPU
		{9411109B-FD1A-47FE-BE37-7FE050F605BD}.Debug|Any CPU.Build.0 = Debug|Any CPU
		{9411109B-FD1A-47FE-BE37-7FE050F605BD}.Release|Any CPU.ActiveCfg = Release|Any CPU
		{9411109B-FD1A-47FE-BE37-7FE050F605BD}.Release|Any CPU.Build.0 = Release|Any CPU
	EndGlobalSection
	GlobalSection(SolutionProperties) = preSolution
		HideSolutionNode = FALSE
	EndGlobalSection
	GlobalSection(ExtensibilityGlobals) = postSolution
		SolutionGuid = {250B5EC1-4213-4E96-9793-55F5B43EA0F5}
	EndGlobalSection
EndGlobal
