
Microsoft Visual Studio Solution File, Format Version 12.00
# Visual Studio 15
VisualStudioVersion = 15.0.28307.757
MinimumVisualStudioVersion = 10.0.40219.1
Project("{FAE04EC0-301F-11D3-BF4B-00C04F79EFBC}") = "SqlDataReaderForm", "SqlDataReaderForm\SqlDataReaderForm.csproj", "{45251925-E682-4DAD-BBF4-C31084906C98}"
EndProject
Global
	GlobalSection(SolutionConfigurationPlatforms) = preSolution
		Debug|Any CPU = Debug|Any CPU
		Release|Any CPU = Release|Any CPU
	EndGlobalSection
	GlobalSection(ProjectConfigurationPlatforms) = postSolution
		{45251925-E682-4DAD-BBF4-C31084906C98}.Debug|Any CPU.ActiveCfg = Debug|Any CPU
		{45251925-E682-4DAD-BBF4-C31084906C98}.Debug|Any CPU.Build.0 = Debug|Any CPU
		{45251925-E682-4DAD-BBF4-C31084906C98}.Release|Any CPU.ActiveCfg = Release|Any CPU
		{45251925-E682-4DAD-BBF4-C31084906C98}.Release|Any CPU.Build.0 = Release|Any CPU
	EndGlobalSection
	GlobalSection(SolutionProperties) = preSolution
		HideSolutionNode = FALSE
	EndGlobalSection
	GlobalSection(ExtensibilityGlobals) = postSolution
		SolutionGuid = {0CCB011B-681A-4542-B287-02247CF96B59}
	EndGlobalSection
EndGlobal
