
Microsoft Visual Studio Solution File, Format Version 12.00
# Visual Studio 15
VisualStudioVersion = 15.0.28307.757
MinimumVisualStudioVersion = 10.0.40219.1
Project("{FAE04EC0-301F-11D3-BF4B-00C04F79EFBC}") = "SqlConnectionStringBuilderEx0", "SqlConnectionStringBuilderEx0\SqlConnectionStringBuilderEx0.csproj", "{F53ADB89-FF44-437B-BCF0-46810F8B94FB}"
EndProject
Global
	GlobalSection(SolutionConfigurationPlatforms) = preSolution
		Debug|Any CPU = Debug|Any CPU
		Release|Any CPU = Release|Any CPU
	EndGlobalSection
	GlobalSection(ProjectConfigurationPlatforms) = postSolution
		{F53ADB89-FF44-437B-BCF0-46810F8B94FB}.Debug|Any CPU.ActiveCfg = Debug|Any CPU
		{F53ADB89-FF44-437B-BCF0-46810F8B94FB}.Debug|Any CPU.Build.0 = Debug|Any CPU
		{F53ADB89-FF44-437B-BCF0-46810F8B94FB}.Release|Any CPU.ActiveCfg = Release|Any CPU
		{F53ADB89-FF44-437B-BCF0-46810F8B94FB}.Release|Any CPU.Build.0 = Release|Any CPU
	EndGlobalSection
	GlobalSection(SolutionProperties) = preSolution
		HideSolutionNode = FALSE
	EndGlobalSection
	GlobalSection(ExtensibilityGlobals) = postSolution
		SolutionGuid = {32EEAE33-36D0-4367-911C-0DF14E1D6A5D}
	EndGlobalSection
EndGlobal
