
Microsoft Visual Studio Solution File, Format Version 12.00
# Visual Studio 15
VisualStudioVersion = 15.0.28307.757
MinimumVisualStudioVersion = 10.0.40219.1
Project("{FAE04EC0-301F-11D3-BF4B-00C04F79EFBC}") = "Dapper_TableParam", "Dapper_TableParam\Dapper_TableParam.csproj", "{C58F9EB8-8170-4D32-8983-F8B47AF86897}"
EndProject
Global
	GlobalSection(SolutionConfigurationPlatforms) = preSolution
		Debug|Any CPU = Debug|Any CPU
		Release|Any CPU = Release|Any CPU
	EndGlobalSection
	GlobalSection(ProjectConfigurationPlatforms) = postSolution
		{C58F9EB8-8170-4D32-8983-F8B47AF86897}.Debug|Any CPU.ActiveCfg = Debug|Any CPU
		{C58F9EB8-8170-4D32-8983-F8B47AF86897}.Debug|Any CPU.Build.0 = Debug|Any CPU
		{C58F9EB8-8170-4D32-8983-F8B47AF86897}.Release|Any CPU.ActiveCfg = Release|Any CPU
		{C58F9EB8-8170-4D32-8983-F8B47AF86897}.Release|Any CPU.Build.0 = Release|Any CPU
	EndGlobalSection
	GlobalSection(SolutionProperties) = preSolution
		HideSolutionNode = FALSE
	EndGlobalSection
	GlobalSection(ExtensibilityGlobals) = postSolution
		SolutionGuid = {6B0658EC-5786-4B27-9A88-58D8EF3B3C1E}
	EndGlobalSection
EndGlobal
