
Microsoft Visual Studio Solution File, Format Version 12.00
# Visual Studio 15
VisualStudioVersion = 15.0.28307.757
MinimumVisualStudioVersion = 10.0.40219.1
Project("{FAE04EC0-301F-11D3-BF4B-00C04F79EFBC}") = "SqlDataReaderEx", "SqlDataReaderEx\SqlDataReaderEx.csproj", "{75C36B27-45C1-40CC-9B47-936F544E453C}"
EndProject
Global
	GlobalSection(SolutionConfigurationPlatforms) = preSolution
		Debug|Any CPU = Debug|Any CPU
		Release|Any CPU = Release|Any CPU
	EndGlobalSection
	GlobalSection(ProjectConfigurationPlatforms) = postSolution
		{75C36B27-45C1-40CC-9B47-936F544E453C}.Debug|Any CPU.ActiveCfg = Debug|Any CPU
		{75C36B27-45C1-40CC-9B47-936F544E453C}.Debug|Any CPU.Build.0 = Debug|Any CPU
		{75C36B27-45C1-40CC-9B47-936F544E453C}.Release|Any CPU.ActiveCfg = Release|Any CPU
		{75C36B27-45C1-40CC-9B47-936F544E453C}.Release|Any CPU.Build.0 = Release|Any CPU
	EndGlobalSection
	GlobalSection(SolutionProperties) = preSolution
		HideSolutionNode = FALSE
	EndGlobalSection
	GlobalSection(ExtensibilityGlobals) = postSolution
		SolutionGuid = {6B32FA59-C56C-4A50-A966-7D45BA1AFE6E}
	EndGlobalSection
EndGlobal
