
Microsoft Visual Studio Solution File, Format Version 12.00
# Visual Studio 15
VisualStudioVersion = 15.0.28307.757
MinimumVisualStudioVersion = 10.0.40219.1
Project("{FAE04EC0-301F-11D3-BF4B-00C04F79EFBC}") = "BulkInsert1", "BulkInsert1\BulkInsert1.csproj", "{5817824F-BCC2-4158-9A1C-02E55FBB6244}"
EndProject
Global
	GlobalSection(SolutionConfigurationPlatforms) = preSolution
		Debug|Any CPU = Debug|Any CPU
		Release|Any CPU = Release|Any CPU
	EndGlobalSection
	GlobalSection(ProjectConfigurationPlatforms) = postSolution
		{5817824F-BCC2-4158-9A1C-02E55FBB6244}.Debug|Any CPU.ActiveCfg = Debug|Any CPU
		{5817824F-BCC2-4158-9A1C-02E55FBB6244}.Debug|Any CPU.Build.0 = Debug|Any CPU
		{5817824F-BCC2-4158-9A1C-02E55FBB6244}.Release|Any CPU.ActiveCfg = Release|Any CPU
		{5817824F-BCC2-4158-9A1C-02E55FBB6244}.Release|Any CPU.Build.0 = Release|Any CPU
	EndGlobalSection
	GlobalSection(SolutionProperties) = preSolution
		HideSolutionNode = FALSE
	EndGlobalSection
	GlobalSection(ExtensibilityGlobals) = postSolution
		SolutionGuid = {0C77A5B0-9D34-40A3-AE45-C65BF2578F62}
	EndGlobalSection
EndGlobal
