
Microsoft Visual Studio Solution File, Format Version 12.00
# Visual Studio 15
VisualStudioVersion = 15.0.28307.757
MinimumVisualStudioVersion = 10.0.40219.1
Project("{FAE04EC0-301F-11D3-BF4B-00C04F79EFBC}") = "ExecuteReader", "ExecuteReader\ExecuteReader.csproj", "{F20B4ED6-A145-4F99-9280-D3EEFFCD2E9E}"
EndProject
Project("{FAE04EC0-301F-11D3-BF4B-00C04F79EFBC}") = "CommandText", "CommandText\CommandText.csproj", "{01E1D57F-A942-4037-AE98-84B5E1FB19F9}"
EndProject
Project("{FAE04EC0-301F-11D3-BF4B-00C04F79EFBC}") = "ExecuteScalar", "ExecuteScalar\ExecuteScalar.csproj", "{F6CF79DD-1847-4009-84E3-129419DB58E8}"
EndProject
Project("{FAE04EC0-301F-11D3-BF4B-00C04F79EFBC}") = "SqlCommand", "SqlCommand\SqlCommand.csproj", "{F30D7E40-B34A-47FE-9D91-A6B59EC5280F}"
EndProject
Global
	GlobalSection(SolutionConfigurationPlatforms) = preSolution
		Debug|Any CPU = Debug|Any CPU
		Release|Any CPU = Release|Any CPU
	EndGlobalSection
	GlobalSection(ProjectConfigurationPlatforms) = postSolution
		{F20B4ED6-A145-4F99-9280-D3EEFFCD2E9E}.Debug|Any CPU.ActiveCfg = Debug|Any CPU
		{F20B4ED6-A145-4F99-9280-D3EEFFCD2E9E}.Debug|Any CPU.Build.0 = Debug|Any CPU
		{F20B4ED6-A145-4F99-9280-D3EEFFCD2E9E}.Release|Any CPU.ActiveCfg = Release|Any CPU
		{F20B4ED6-A145-4F99-9280-D3EEFFCD2E9E}.Release|Any CPU.Build.0 = Release|Any CPU
		{01E1D57F-A942-4037-AE98-84B5E1FB19F9}.Debug|Any CPU.ActiveCfg = Debug|Any CPU
		{01E1D57F-A942-4037-AE98-84B5E1FB19F9}.Debug|Any CPU.Build.0 = Debug|Any CPU
		{01E1D57F-A942-4037-AE98-84B5E1FB19F9}.Release|Any CPU.ActiveCfg = Release|Any CPU
		{01E1D57F-A942-4037-AE98-84B5E1FB19F9}.Release|Any CPU.Build.0 = Release|Any CPU
		{F6CF79DD-1847-4009-84E3-129419DB58E8}.Debug|Any CPU.ActiveCfg = Debug|Any CPU
		{F6CF79DD-1847-4009-84E3-129419DB58E8}.Debug|Any CPU.Build.0 = Debug|Any CPU
		{F6CF79DD-1847-4009-84E3-129419DB58E8}.Release|Any CPU.ActiveCfg = Release|Any CPU
		{F6CF79DD-1847-4009-84E3-129419DB58E8}.Release|Any CPU.Build.0 = Release|Any CPU
		{F30D7E40-B34A-47FE-9D91-A6B59EC5280F}.Debug|Any CPU.ActiveCfg = Debug|Any CPU
		{F30D7E40-B34A-47FE-9D91-A6B59EC5280F}.Debug|Any CPU.Build.0 = Debug|Any CPU
		{F30D7E40-B34A-47FE-9D91-A6B59EC5280F}.Release|Any CPU.ActiveCfg = Release|Any CPU
		{F30D7E40-B34A-47FE-9D91-A6B59EC5280F}.Release|Any CPU.Build.0 = Release|Any CPU
	EndGlobalSection
	GlobalSection(SolutionProperties) = preSolution
		HideSolutionNode = FALSE
	EndGlobalSection
	GlobalSection(ExtensibilityGlobals) = postSolution
		SolutionGuid = {91CC0902-A792-48B5-8672-CE117EE3C8D6}
	EndGlobalSection
EndGlobal
