
Microsoft Visual Studio Solution File, Format Version 12.00
# Visual Studio Version 17
VisualStudioVersion = 17.1.32414.318
MinimumVisualStudioVersion = 10.0.40219.1
Project("{9A19103F-16F7-4668-BE54-9A1E7A4F7556}") = "Domain", "Domain\Domain.csproj", "{0A5CE789-3E71-4853-86F2-CB8D53853FF4}"
EndProject
Project("{2150E333-8FDC-42A3-9474-1A3956D46DE8}") = "auxilliary", "auxilliary", "{E9B8EA21-B2B6-4DF6-AF41-CD9B5EF85784}"
EndProject
Project("{2150E333-8FDC-42A3-9474-1A3956D46DE8}") = "cicd", "cicd", "{D20F0C4B-4D54-49A9-97DA-BBCA262A04AA}"
	ProjectSection(SolutionItems) = preProject
		..\..\service-pipeline-dev.yml = ..\..\service-pipeline-dev.yml
		..\..\service-pipeline-sit.yml = ..\..\service-pipeline-sit.yml
		..\..\service-pipeline-uat.yml = ..\..\service-pipeline-uat.yml
	EndProjectSection
EndProject
Project("{2150E333-8FDC-42A3-9474-1A3956D46DE8}") = "consul", "consul", "{11DF7B36-52EA-4B3F-9919-2EC1B1A16765}"
	ProjectSection(SolutionItems) = preProject
		consul\consul = consul\consul
		consul\script-dev.sh = consul\script-dev.sh
		consul\script-sit.sh = consul\script-sit.sh
		consul\script-uat.sh = consul\script-uat.sh
	EndProjectSection
EndProject
Project("{2150E333-8FDC-42A3-9474-1A3956D46DE8}") = "config", "config", "{93781AB7-BF5A-4301-B369-EDE86EF03E71}"
	ProjectSection(SolutionItems) = preProject
		consul\config\client.json = consul\config\client.json
	EndProjectSection
EndProject
Project("{2150E333-8FDC-42A3-9474-1A3956D46DE8}") = "docker", "docker", "{B858B6A0-4BAB-4BFA-8CB9-AD1EF65215E9}"
	ProjectSection(SolutionItems) = preProject
		.dockerignore = .dockerignore
		DockerfileDev = DockerfileDev
		DockerfileSit = DockerfileSit
		DockerfileUat = DockerfileUat
		nuget.config = nuget.config
	EndProjectSection
EndProject
Project("{2150E333-8FDC-42A3-9474-1A3956D46DE8}") = "manifests", "manifests", "{57704E7B-E4C3-417E-909E-9F96B6F9DB14}"
	ProjectSection(SolutionItems) = preProject
		..\..\manifests\deployment.yml = ..\..\manifests\deployment.yml
		..\..\manifests\service.yml = ..\..\manifests\service.yml
	EndProjectSection
EndProject
Project("{2150E333-8FDC-42A3-9474-1A3956D46DE8}") = "nginx", "nginx", "{B7862101-BA0D-47F1-A62E-C84C711A39E3}"
	ProjectSection(SolutionItems) = preProject
		nginx\default = nginx\default
	EndProjectSection
EndProject
Project("{9A19103F-16F7-4668-BE54-9A1E7A4F7556}") = "Proto", "Proto\Proto.csproj", "{A55BB6E6-6F3A-40FA-8058-B667CBDED256}"
EndProject
Project("{9A19103F-16F7-4668-BE54-9A1E7A4F7556}") = "Repository", "Repository\Repository.csproj", "{8019AA85-D267-438D-AC02-B16B1622CCA6}"
EndProject
Project("{9A19103F-16F7-4668-BE54-9A1E7A4F7556}") = "ProtoTester", "ProtoTester\ProtoTester.csproj", "{A1631C50-EBB1-4840-8E83-99EEF322B7EF}"
EndProject
Project("{9A19103F-16F7-4668-BE54-9A1E7A4F7556}") = "UnitTest.Test", "UnitTest.Test\UnitTest.Test.csproj", "{9A69A3BF-BDD2-4244-A299-DFDB0DF81AF2}"
EndProject
Project("{9A19103F-16F7-4668-BE54-9A1E7A4F7556}") = "Service", "Service\Service.csproj", "{02232C33-AFDD-481C-BC96-544EF5805AEF}"
EndProject
Project("{9A19103F-16F7-4668-BE54-9A1E7A4F7556}") = "Core", "Core\Core.csproj", "{115A9EB3-04EE-4D69-ABC0-0AB8C809DBB7}"
EndProject
Project("{9A19103F-16F7-4668-BE54-9A1E7A4F7556}") = "Repository.Test", "DatabaseIntegrationTest.Test\Repository.Test.csproj", "{008EDF4E-8BFF-4A36-8C19-18D700DCC28E}"
EndProject
Project("{FAE04EC0-301F-11D3-BF4B-00C04F79EFBC}") = "GraphQL.Test", "GraphQL.Test\GraphQL.Test.csproj", "{69C9C824-6DAA-471B-828B-5D415D893677}"
EndProject
Global
	GlobalSection(SolutionConfigurationPlatforms) = preSolution
		Debug|Any CPU = Debug|Any CPU
		Release|Any CPU = Release|Any CPU
	EndGlobalSection
	GlobalSection(ProjectConfigurationPlatforms) = postSolution
		{0A5CE789-3E71-4853-86F2-CB8D53853FF4}.Debug|Any CPU.ActiveCfg = Debug|Any CPU
		{0A5CE789-3E71-4853-86F2-CB8D53853FF4}.Debug|Any CPU.Build.0 = Debug|Any CPU
		{0A5CE789-3E71-4853-86F2-CB8D53853FF4}.Release|Any CPU.ActiveCfg = Release|Any CPU
		{0A5CE789-3E71-4853-86F2-CB8D53853FF4}.Release|Any CPU.Build.0 = Release|Any CPU
		{A55BB6E6-6F3A-40FA-8058-B667CBDED256}.Debug|Any CPU.ActiveCfg = Debug|Any CPU
		{A55BB6E6-6F3A-40FA-8058-B667CBDED256}.Debug|Any CPU.Build.0 = Debug|Any CPU
		{A55BB6E6-6F3A-40FA-8058-B667CBDED256}.Release|Any CPU.ActiveCfg = Release|Any CPU
		{A55BB6E6-6F3A-40FA-8058-B667CBDED256}.Release|Any CPU.Build.0 = Release|Any CPU
		{8019AA85-D267-438D-AC02-B16B1622CCA6}.Debug|Any CPU.ActiveCfg = Debug|Any CPU
		{8019AA85-D267-438D-AC02-B16B1622CCA6}.Debug|Any CPU.Build.0 = Debug|Any CPU
		{8019AA85-D267-438D-AC02-B16B1622CCA6}.Release|Any CPU.ActiveCfg = Release|Any CPU
		{8019AA85-D267-438D-AC02-B16B1622CCA6}.Release|Any CPU.Build.0 = Release|Any CPU
		{A1631C50-EBB1-4840-8E83-99EEF322B7EF}.Debug|Any CPU.ActiveCfg = Debug|Any CPU
		{A1631C50-EBB1-4840-8E83-99EEF322B7EF}.Debug|Any CPU.Build.0 = Debug|Any CPU
		{A1631C50-EBB1-4840-8E83-99EEF322B7EF}.Release|Any CPU.ActiveCfg = Release|Any CPU
		{A1631C50-EBB1-4840-8E83-99EEF322B7EF}.Release|Any CPU.Build.0 = Release|Any CPU
		{9A69A3BF-BDD2-4244-A299-DFDB0DF81AF2}.Debug|Any CPU.ActiveCfg = Debug|Any CPU
		{9A69A3BF-BDD2-4244-A299-DFDB0DF81AF2}.Debug|Any CPU.Build.0 = Debug|Any CPU
		{9A69A3BF-BDD2-4244-A299-DFDB0DF81AF2}.Release|Any CPU.ActiveCfg = Release|Any CPU
		{9A69A3BF-BDD2-4244-A299-DFDB0DF81AF2}.Release|Any CPU.Build.0 = Release|Any CPU
		{02232C33-AFDD-481C-BC96-544EF5805AEF}.Debug|Any CPU.ActiveCfg = Debug|Any CPU
		{02232C33-AFDD-481C-BC96-544EF5805AEF}.Debug|Any CPU.Build.0 = Debug|Any CPU
		{02232C33-AFDD-481C-BC96-544EF5805AEF}.Release|Any CPU.ActiveCfg = Release|Any CPU
		{02232C33-AFDD-481C-BC96-544EF5805AEF}.Release|Any CPU.Build.0 = Release|Any CPU
		{115A9EB3-04EE-4D69-ABC0-0AB8C809DBB7}.Debug|Any CPU.ActiveCfg = Debug|Any CPU
		{115A9EB3-04EE-4D69-ABC0-0AB8C809DBB7}.Debug|Any CPU.Build.0 = Debug|Any CPU
		{115A9EB3-04EE-4D69-ABC0-0AB8C809DBB7}.Release|Any CPU.ActiveCfg = Release|Any CPU
		{115A9EB3-04EE-4D69-ABC0-0AB8C809DBB7}.Release|Any CPU.Build.0 = Release|Any CPU
		{008EDF4E-8BFF-4A36-8C19-18D700DCC28E}.Debug|Any CPU.ActiveCfg = Debug|Any CPU
		{008EDF4E-8BFF-4A36-8C19-18D700DCC28E}.Debug|Any CPU.Build.0 = Debug|Any CPU
		{008EDF4E-8BFF-4A36-8C19-18D700DCC28E}.Release|Any CPU.ActiveCfg = Release|Any CPU
		{008EDF4E-8BFF-4A36-8C19-18D700DCC28E}.Release|Any CPU.Build.0 = Release|Any CPU
		{69C9C824-6DAA-471B-828B-5D415D893677}.Debug|Any CPU.ActiveCfg = Debug|Any CPU
		{69C9C824-6DAA-471B-828B-5D415D893677}.Debug|Any CPU.Build.0 = Debug|Any CPU
		{69C9C824-6DAA-471B-828B-5D415D893677}.Release|Any CPU.ActiveCfg = Release|Any CPU
		{69C9C824-6DAA-471B-828B-5D415D893677}.Release|Any CPU.Build.0 = Release|Any CPU
	EndGlobalSection
	GlobalSection(SolutionProperties) = preSolution
		HideSolutionNode = FALSE
	EndGlobalSection
	GlobalSection(NestedProjects) = preSolution
		{D20F0C4B-4D54-49A9-97DA-BBCA262A04AA} = {E9B8EA21-B2B6-4DF6-AF41-CD9B5EF85784}
		{11DF7B36-52EA-4B3F-9919-2EC1B1A16765} = {E9B8EA21-B2B6-4DF6-AF41-CD9B5EF85784}
		{93781AB7-BF5A-4301-B369-EDE86EF03E71} = {11DF7B36-52EA-4B3F-9919-2EC1B1A16765}
		{B858B6A0-4BAB-4BFA-8CB9-AD1EF65215E9} = {E9B8EA21-B2B6-4DF6-AF41-CD9B5EF85784}
		{57704E7B-E4C3-417E-909E-9F96B6F9DB14} = {E9B8EA21-B2B6-4DF6-AF41-CD9B5EF85784}
		{B7862101-BA0D-47F1-A62E-C84C711A39E3} = {E9B8EA21-B2B6-4DF6-AF41-CD9B5EF85784}
	EndGlobalSection
	GlobalSection(ExtensibilityGlobals) = postSolution
		SolutionGuid = {C58906B8-831E-4F25-B1E6-611C21275DE8}
	EndGlobalSection
EndGlobal
