
Microsoft Visual Studio Solution File, Format Version 12.00
# Visual Studio 15
VisualStudioVersion = 15.0.28307.757
MinimumVisualStudioVersion = 10.0.40219.1
Project("{FAE04EC0-301F-11D3-BF4B-00C04F79EFBC}") = "SqlInjectionPrevention", "SqlInjectionPrevention\SqlInjectionPrevention.csproj", "{15F976D4-B66F-479F-A29A-1C0178857400}"
EndProject
Project("{FAE04EC0-301F-11D3-BF4B-00C04F79EFBC}") = "InjectionInStoredProcedure", "InjectionInStoredProcedure\InjectionInStoredProcedure.csproj", "{9FF9CDB3-38CE-48CB-B068-86DF80864247}"
EndProject
Global
	GlobalSection(SolutionConfigurationPlatforms) = preSolution
		Debug|Any CPU = Debug|Any CPU
		Release|Any CPU = Release|Any CPU
	EndGlobalSection
	GlobalSection(ProjectConfigurationPlatforms) = postSolution
		{15F976D4-B66F-479F-A29A-1C0178857400}.Debug|Any CPU.ActiveCfg = Debug|Any CPU
		{15F976D4-B66F-479F-A29A-1C0178857400}.Debug|Any CPU.Build.0 = Debug|Any CPU
		{15F976D4-B66F-479F-A29A-1C0178857400}.Release|Any CPU.ActiveCfg = Release|Any CPU
		{15F976D4-B66F-479F-A29A-1C0178857400}.Release|Any CPU.Build.0 = Release|Any CPU
		{9FF9CDB3-38CE-48CB-B068-86DF80864247}.Debug|Any CPU.ActiveCfg = Debug|Any CPU
		{9FF9CDB3-38CE-48CB-B068-86DF80864247}.Debug|Any CPU.Build.0 = Debug|Any CPU
		{9FF9CDB3-38CE-48CB-B068-86DF80864247}.Release|Any CPU.ActiveCfg = Release|Any CPU
		{9FF9CDB3-38CE-48CB-B068-86DF80864247}.Release|Any CPU.Build.0 = Release|Any CPU
	EndGlobalSection
	GlobalSection(SolutionProperties) = preSolution
		HideSolutionNode = FALSE
	EndGlobalSection
	GlobalSection(ExtensibilityGlobals) = postSolution
		SolutionGuid = {2BF5FA09-5B3C-44D4-930D-D464FC27C7C0}
	EndGlobalSection
EndGlobal
