
Microsoft Visual Studio Solution File, Format Version 12.00
# Visual Studio 15
VisualStudioVersion = 15.0.28307.757
MinimumVisualStudioVersion = 10.0.40219.1
Project("{FAE04EC0-301F-11D3-BF4B-00C04F79EFBC}") = "LoadXMLData", "LoadXMLData\LoadXMLData.csproj", "{F962A1A6-3B25-4577-AA59-E4FEC7370A3C}"
EndProject
Global
	GlobalSection(SolutionConfigurationPlatforms) = preSolution
		Debug|Any CPU = Debug|Any CPU
		Release|Any CPU = Release|Any CPU
	EndGlobalSection
	GlobalSection(ProjectConfigurationPlatforms) = postSolution
		{F962A1A6-3B25-4577-AA59-E4FEC7370A3C}.Debug|Any CPU.ActiveCfg = Debug|Any CPU
		{F962A1A6-3B25-4577-AA59-E4FEC7370A3C}.Debug|Any CPU.Build.0 = Debug|Any CPU
		{F962A1A6-3B25-4577-AA59-E4FEC7370A3C}.Release|Any CPU.ActiveCfg = Release|Any CPU
		{F962A1A6-3B25-4577-AA59-E4FEC7370A3C}.Release|Any CPU.Build.0 = Release|Any CPU
	EndGlobalSection
	GlobalSection(SolutionProperties) = preSolution
		HideSolutionNode = FALSE
	EndGlobalSection
	GlobalSection(ExtensibilityGlobals) = postSolution
		SolutionGuid = {59F7E881-D83E-4660-9770-506D4427F2A2}
	EndGlobalSection
EndGlobal
